
Microsoft Visual Studio Solution File, Format Version 12.00
# Visual Studio Version 16
VisualStudioVersion = 16.0.31727.386
MinimumVisualStudioVersion = 10.0.40219.1
Project("{FAE04EC0-301F-11D3-BF4B-00C04F79EFBC}") = "Rehber", "Rehber\Rehber.csproj", "{671C30AA-1937-44E0-A591-F0A6397B139D}"
EndProject
Global
	GlobalSection(SolutionConfigurationPlatforms) = preSolution
		Debug|Any CPU = Debug|Any CPU
		Release|Any CPU = Release|Any CPU
	EndGlobalSection
	GlobalSection(ProjectConfigurationPlatforms) = postSolution
		{671C30AA-1937-44E0-A591-F0A6397B139D}.Debug|Any CPU.ActiveCfg = Debug|Any CPU
		{671C30AA-1937-44E0-A591-F0A6397B139D}.Debug|Any CPU.Build.0 = Debug|Any CPU
		{671C30AA-1937-44E0-A591-F0A6397B139D}.Release|Any CPU.ActiveCfg = Release|Any CPU
		{671C30AA-1937-44E0-A591-F0A6397B139D}.Release|Any CPU.Build.0 = Release|Any CPU
	EndGlobalSection
	GlobalSection(SolutionProperties) = preSolution
		HideSolutionNode = FALSE
	EndGlobalSection
	GlobalSection(ExtensibilityGlobals) = postSolution
		SolutionGuid = {18A8E878-9A91-48C5-A6FC-D83B65980AFE}
	EndGlobalSection
EndGlobal
